
Microsoft Visual Studio Solution File, Format Version 12.00
Project("{FAE04EC0-301F-11D3-BF4B-00C04F79EFBC}") = "CompanyManager.Api", "CompanyManager.Api\CompanyManager.Api.csproj", "{D79273E6-D508-4593-8EEF-3159C8F007FA}"
EndProject
Project("{FAE04EC0-301F-11D3-BF4B-00C04F79EFBC}") = "CompanyManager.Domain", "CompanyManager.Domain\CompanyManager.Domain.csproj", "{A7169574-C996-475C-A352-A32866503C88}"
EndProject
Project("{FAE04EC0-301F-11D3-BF4B-00C04F79EFBC}") = "CompanyManager.Application", "CompanyManager.Application\CompanyManager.Application.csproj", "{F348F49C-4841-40BE-81AB-0759E0AD7FA1}"
EndProject
Project("{FAE04EC0-301F-11D3-BF4B-00C04F79EFBC}") = "CompanyManager.Infrastructure", "CompanyManager.Infrastructure\CompanyManager.Infrastructure.csproj", "{9C86F603-7155-4834-ABE1-29B5BDD78500}"
EndProject
Project("{FAE04EC0-301F-11D3-BF4B-00C04F79EFBC}") = "CompanyManager.Persistence", "CompanyManager.Persistence\CompanyManager.Persistence.csproj", "{10739AA9-1ED1-4BCE-B94A-EFC9716EE399}"
EndProject
Project("{FAE04EC0-301F-11D3-BF4B-00C04F79EFBC}") = "CompanyManager.UnitTests", "CompanyManager.UnitTests\CompanyManager.UnitTests.csproj", "{8F913651-C061-4663-A950-6AAC720FAD0C}"
EndProject
Project("{FAE04EC0-301F-11D3-BF4B-00C04F79EFBC}") = "CompanyManager.IdentityServer", "CompanyManager.IdentityServer\CompanyManager.IdentityServer.csproj", "{24330ED1-902D-482A-AF73-BF9240E36C89}"
EndProject
Global
	GlobalSection(SolutionConfigurationPlatforms) = preSolution
		Debug|Any CPU = Debug|Any CPU
		Release|Any CPU = Release|Any CPU
	EndGlobalSection
	GlobalSection(ProjectConfigurationPlatforms) = postSolution
		{D79273E6-D508-4593-8EEF-3159C8F007FA}.Debug|Any CPU.ActiveCfg = Debug|Any CPU
		{D79273E6-D508-4593-8EEF-3159C8F007FA}.Debug|Any CPU.Build.0 = Debug|Any CPU
		{D79273E6-D508-4593-8EEF-3159C8F007FA}.Release|Any CPU.ActiveCfg = Release|Any CPU
		{D79273E6-D508-4593-8EEF-3159C8F007FA}.Release|Any CPU.Build.0 = Release|Any CPU
		{A7169574-C996-475C-A352-A32866503C88}.Debug|Any CPU.ActiveCfg = Debug|Any CPU
		{A7169574-C996-475C-A352-A32866503C88}.Debug|Any CPU.Build.0 = Debug|Any CPU
		{A7169574-C996-475C-A352-A32866503C88}.Release|Any CPU.ActiveCfg = Release|Any CPU
		{A7169574-C996-475C-A352-A32866503C88}.Release|Any CPU.Build.0 = Release|Any CPU
		{F348F49C-4841-40BE-81AB-0759E0AD7FA1}.Debug|Any CPU.ActiveCfg = Debug|Any CPU
		{F348F49C-4841-40BE-81AB-0759E0AD7FA1}.Debug|Any CPU.Build.0 = Debug|Any CPU
		{F348F49C-4841-40BE-81AB-0759E0AD7FA1}.Release|Any CPU.ActiveCfg = Release|Any CPU
		{F348F49C-4841-40BE-81AB-0759E0AD7FA1}.Release|Any CPU.Build.0 = Release|Any CPU
		{9C86F603-7155-4834-ABE1-29B5BDD78500}.Debug|Any CPU.ActiveCfg = Debug|Any CPU
		{9C86F603-7155-4834-ABE1-29B5BDD78500}.Debug|Any CPU.Build.0 = Debug|Any CPU
		{9C86F603-7155-4834-ABE1-29B5BDD78500}.Release|Any CPU.ActiveCfg = Release|Any CPU
		{9C86F603-7155-4834-ABE1-29B5BDD78500}.Release|Any CPU.Build.0 = Release|Any CPU
		{10739AA9-1ED1-4BCE-B94A-EFC9716EE399}.Debug|Any CPU.ActiveCfg = Debug|Any CPU
		{10739AA9-1ED1-4BCE-B94A-EFC9716EE399}.Debug|Any CPU.Build.0 = Debug|Any CPU
		{10739AA9-1ED1-4BCE-B94A-EFC9716EE399}.Release|Any CPU.ActiveCfg = Release|Any CPU
		{10739AA9-1ED1-4BCE-B94A-EFC9716EE399}.Release|Any CPU.Build.0 = Release|Any CPU
		{8F913651-C061-4663-A950-6AAC720FAD0C}.Debug|Any CPU.ActiveCfg = Debug|Any CPU
		{8F913651-C061-4663-A950-6AAC720FAD0C}.Debug|Any CPU.Build.0 = Debug|Any CPU
		{8F913651-C061-4663-A950-6AAC720FAD0C}.Release|Any CPU.ActiveCfg = Release|Any CPU
		{8F913651-C061-4663-A950-6AAC720FAD0C}.Release|Any CPU.Build.0 = Release|Any CPU
		{24330ED1-902D-482A-AF73-BF9240E36C89}.Debug|Any CPU.ActiveCfg = Debug|Any CPU
		{24330ED1-902D-482A-AF73-BF9240E36C89}.Debug|Any CPU.Build.0 = Debug|Any CPU
		{24330ED1-902D-482A-AF73-BF9240E36C89}.Release|Any CPU.ActiveCfg = Release|Any CPU
		{24330ED1-902D-482A-AF73-BF9240E36C89}.Release|Any CPU.Build.0 = Release|Any CPU
	EndGlobalSection
EndGlobal
